
Microsoft Visual Studio Solution File, Format Version 12.00
# Visual Studio Version 17
VisualStudioVersion = 17.0.31903.59
MinimumVisualStudioVersion = 10.0.40219.1
Project("{2150E333-8FDC-42A3-9474-1A3956D46DE8}") = "src", "src", "{804344C0-CB56-424F-BD47-C2F5FA27432C}"
EndProject
Project("{9A19103F-16F7-4668-BE54-9A1E7A4F7556}") = "KeyVaultCa.Core", "src\KeyVaultCa.Core\KeyVaultCa.Core.csproj", "{1CF23629-1F20-48FD-B3FD-8502EA5047E4}"
EndProject
Project("{9A19103F-16F7-4668-BE54-9A1E7A4F7556}") = "KeyVaultCa.Tests", "src\KeyVaultCa.Tests\KeyVaultCa.Tests.csproj", "{DCC66F26-5FC4-46B6-A246-F13EED31EE16}"
EndProject
Project("{FAE04EC0-301F-11D3-BF4B-00C04F79EFBC}") = "KeyVaultCa.Cli", "src\KeyVaultCa.Cli\KeyVaultCa.Cli.csproj", "{F028A761-9AA1-413A-8ADB-CA48AD28EECB}"
EndProject
Project("{FAE04EC0-301F-11D3-BF4B-00C04F79EFBC}") = "KeyVaultCa.Revocation", "src\KeyVaultCa.Revocation\KeyVaultCa.Revocation.csproj", "{466DC2FB-A1EF-4FCB-8B22-3A70DE863A61}"
EndProject
Project("{FAE04EC0-301F-11D3-BF4B-00C04F79EFBC}") = "KeyVaultCa.Revocation.Ocsp.Hosting", "src\KeyVaultCa.Revocation.Ocsp.Hosting\KeyVaultCa.Revocation.Ocsp.Hosting.csproj", "{4456AD6D-0569-4920-848F-96BB12DF5C96}"
EndProject
Project("{FAE04EC0-301F-11D3-BF4B-00C04F79EFBC}") = "KeyVaultCa.Revocation.Tests", "src\KeyVaultCa.Revocation.Tests\KeyVaultCa.Revocation.Tests.csproj", "{4C1C8788-B288-4FA9-91CB-71BCAF65936F}"
EndProject
Project("{FAE04EC0-301F-11D3-BF4B-00C04F79EFBC}") = "KeyVaultCa.Revocation.KeyVault", "src\KeyVaultCa.Revocation.KeyVault\KeyVaultCa.Revocation.KeyVault.csproj", "{37857FED-DD9F-49AB-9449-0F7EA5CC9C50}"
EndProject
Project("{2150E333-8FDC-42A3-9474-1A3956D46DE8}") = "test", "test", "{46FBDC9B-9866-440C-82C7-33EB4F1BB671}"
EndProject
Project("{2150E333-8FDC-42A3-9474-1A3956D46DE8}") = "mTLS", "mTLS", "{E30F1A46-E91C-4B02-8622-55A4D9EDECDA}"
	ProjectSection(SolutionItems) = preProject
		test\mTLS\AppHost\AppHost.cs = test\mTLS\AppHost\AppHost.cs
	EndProjectSection
EndProject
Project("{FAE04EC0-301F-11D3-BF4B-00C04F79EFBC}") = "ApiServer", "test\mTLS\ApiServer\ApiServer.csproj", "{A5C17722-3B53-4D05-BED8-48AC6A922236}"
EndProject
Project("{FAE04EC0-301F-11D3-BF4B-00C04F79EFBC}") = "ClientApp", "test\mTLS\ClientApp\ClientApp.csproj", "{F1D0A4FC-6F4D-44E3-B097-C469F1E24C20}"
EndProject
Project("{FAE04EC0-301F-11D3-BF4B-00C04F79EFBC}") = "OcspResponder", "test\mTLS\OcspResponder\OcspResponder.csproj", "{1750094F-DFEA-4B4D-998A-8C75FE1AFF6D}"
EndProject
Project("{FAE04EC0-301F-11D3-BF4B-00C04F79EFBC}") = "ServiceDefaults", "test\mTLS\ServiceDefaults\ServiceDefaults.csproj", "{071ADD68-30FF-4305-8729-ECFBEC7BDD22}"
EndProject
Global
	GlobalSection(SolutionConfigurationPlatforms) = preSolution
		Debug|Any CPU = Debug|Any CPU
		Debug|x64 = Debug|x64
		Debug|x86 = Debug|x86
		Release|Any CPU = Release|Any CPU
		Release|x64 = Release|x64
		Release|x86 = Release|x86
	EndGlobalSection
	GlobalSection(ProjectConfigurationPlatforms) = postSolution
		{1CF23629-1F20-48FD-B3FD-8502EA5047E4}.Debug|Any CPU.ActiveCfg = Debug|Any CPU
		{1CF23629-1F20-48FD-B3FD-8502EA5047E4}.Debug|Any CPU.Build.0 = Debug|Any CPU
		{1CF23629-1F20-48FD-B3FD-8502EA5047E4}.Debug|x64.ActiveCfg = Debug|Any CPU
		{1CF23629-1F20-48FD-B3FD-8502EA5047E4}.Debug|x64.Build.0 = Debug|Any CPU
		{1CF23629-1F20-48FD-B3FD-8502EA5047E4}.Debug|x86.ActiveCfg = Debug|Any CPU
		{1CF23629-1F20-48FD-B3FD-8502EA5047E4}.Debug|x86.Build.0 = Debug|Any CPU
		{1CF23629-1F20-48FD-B3FD-8502EA5047E4}.Release|Any CPU.ActiveCfg = Release|Any CPU
		{1CF23629-1F20-48FD-B3FD-8502EA5047E4}.Release|Any CPU.Build.0 = Release|Any CPU
		{1CF23629-1F20-48FD-B3FD-8502EA5047E4}.Release|x64.ActiveCfg = Release|Any CPU
		{1CF23629-1F20-48FD-B3FD-8502EA5047E4}.Release|x64.Build.0 = Release|Any CPU
		{1CF23629-1F20-48FD-B3FD-8502EA5047E4}.Release|x86.ActiveCfg = Release|Any CPU
		{1CF23629-1F20-48FD-B3FD-8502EA5047E4}.Release|x86.Build.0 = Release|Any CPU
		{DCC66F26-5FC4-46B6-A246-F13EED31EE16}.Debug|Any CPU.ActiveCfg = Debug|Any CPU
		{DCC66F26-5FC4-46B6-A246-F13EED31EE16}.Debug|Any CPU.Build.0 = Debug|Any CPU
		{DCC66F26-5FC4-46B6-A246-F13EED31EE16}.Debug|x64.ActiveCfg = Debug|Any CPU
		{DCC66F26-5FC4-46B6-A246-F13EED31EE16}.Debug|x64.Build.0 = Debug|Any CPU
		{DCC66F26-5FC4-46B6-A246-F13EED31EE16}.Debug|x86.ActiveCfg = Debug|Any CPU
		{DCC66F26-5FC4-46B6-A246-F13EED31EE16}.Debug|x86.Build.0 = Debug|Any CPU
		{DCC66F26-5FC4-46B6-A246-F13EED31EE16}.Release|Any CPU.ActiveCfg = Release|Any CPU
		{DCC66F26-5FC4-46B6-A246-F13EED31EE16}.Release|Any CPU.Build.0 = Release|Any CPU
		{DCC66F26-5FC4-46B6-A246-F13EED31EE16}.Release|x64.ActiveCfg = Release|Any CPU
		{DCC66F26-5FC4-46B6-A246-F13EED31EE16}.Release|x64.Build.0 = Release|Any CPU
		{DCC66F26-5FC4-46B6-A246-F13EED31EE16}.Release|x86.ActiveCfg = Release|Any CPU
		{DCC66F26-5FC4-46B6-A246-F13EED31EE16}.Release|x86.Build.0 = Release|Any CPU
		{F028A761-9AA1-413A-8ADB-CA48AD28EECB}.Debug|Any CPU.ActiveCfg = Debug|Any CPU
		{F028A761-9AA1-413A-8ADB-CA48AD28EECB}.Debug|Any CPU.Build.0 = Debug|Any CPU
		{F028A761-9AA1-413A-8ADB-CA48AD28EECB}.Debug|x64.ActiveCfg = Debug|Any CPU
		{F028A761-9AA1-413A-8ADB-CA48AD28EECB}.Debug|x64.Build.0 = Debug|Any CPU
		{F028A761-9AA1-413A-8ADB-CA48AD28EECB}.Debug|x86.ActiveCfg = Debug|Any CPU
		{F028A761-9AA1-413A-8ADB-CA48AD28EECB}.Debug|x86.Build.0 = Debug|Any CPU
		{F028A761-9AA1-413A-8ADB-CA48AD28EECB}.Release|Any CPU.ActiveCfg = Release|Any CPU
		{F028A761-9AA1-413A-8ADB-CA48AD28EECB}.Release|Any CPU.Build.0 = Release|Any CPU
		{F028A761-9AA1-413A-8ADB-CA48AD28EECB}.Release|x64.ActiveCfg = Release|Any CPU
		{F028A761-9AA1-413A-8ADB-CA48AD28EECB}.Release|x64.Build.0 = Release|Any CPU
		{F028A761-9AA1-413A-8ADB-CA48AD28EECB}.Release|x86.ActiveCfg = Release|Any CPU
		{F028A761-9AA1-413A-8ADB-CA48AD28EECB}.Release|x86.Build.0 = Release|Any CPU
		{466DC2FB-A1EF-4FCB-8B22-3A70DE863A61}.Debug|Any CPU.ActiveCfg = Debug|Any CPU
		{466DC2FB-A1EF-4FCB-8B22-3A70DE863A61}.Debug|Any CPU.Build.0 = Debug|Any CPU
		{466DC2FB-A1EF-4FCB-8B22-3A70DE863A61}.Debug|x64.ActiveCfg = Debug|Any CPU
		{466DC2FB-A1EF-4FCB-8B22-3A70DE863A61}.Debug|x64.Build.0 = Debug|Any CPU
		{466DC2FB-A1EF-4FCB-8B22-3A70DE863A61}.Debug|x86.ActiveCfg = Debug|Any CPU
		{466DC2FB-A1EF-4FCB-8B22-3A70DE863A61}.Debug|x86.Build.0 = Debug|Any CPU
		{466DC2FB-A1EF-4FCB-8B22-3A70DE863A61}.Release|Any CPU.ActiveCfg = Release|Any CPU
		{466DC2FB-A1EF-4FCB-8B22-3A70DE863A61}.Release|Any CPU.Build.0 = Release|Any CPU
		{466DC2FB-A1EF-4FCB-8B22-3A70DE863A61}.Release|x64.ActiveCfg = Release|Any CPU
		{466DC2FB-A1EF-4FCB-8B22-3A70DE863A61}.Release|x64.Build.0 = Release|Any CPU
		{466DC2FB-A1EF-4FCB-8B22-3A70DE863A61}.Release|x86.ActiveCfg = Release|Any CPU
		{466DC2FB-A1EF-4FCB-8B22-3A70DE863A61}.Release|x86.Build.0 = Release|Any CPU
		{4456AD6D-0569-4920-848F-96BB12DF5C96}.Debug|Any CPU.ActiveCfg = Debug|Any CPU
		{4456AD6D-0569-4920-848F-96BB12DF5C96}.Debug|Any CPU.Build.0 = Debug|Any CPU
		{4456AD6D-0569-4920-848F-96BB12DF5C96}.Debug|x64.ActiveCfg = Debug|Any CPU
		{4456AD6D-0569-4920-848F-96BB12DF5C96}.Debug|x64.Build.0 = Debug|Any CPU
		{4456AD6D-0569-4920-848F-96BB12DF5C96}.Debug|x86.ActiveCfg = Debug|Any CPU
		{4456AD6D-0569-4920-848F-96BB12DF5C96}.Debug|x86.Build.0 = Debug|Any CPU
		{4456AD6D-0569-4920-848F-96BB12DF5C96}.Release|Any CPU.ActiveCfg = Release|Any CPU
		{4456AD6D-0569-4920-848F-96BB12DF5C96}.Release|Any CPU.Build.0 = Release|Any CPU
		{4456AD6D-0569-4920-848F-96BB12DF5C96}.Release|x64.ActiveCfg = Release|Any CPU
		{4456AD6D-0569-4920-848F-96BB12DF5C96}.Release|x64.Build.0 = Release|Any CPU
		{4456AD6D-0569-4920-848F-96BB12DF5C96}.Release|x86.ActiveCfg = Release|Any CPU
		{4456AD6D-0569-4920-848F-96BB12DF5C96}.Release|x86.Build.0 = Release|Any CPU
		{4C1C8788-B288-4FA9-91CB-71BCAF65936F}.Debug|Any CPU.ActiveCfg = Debug|Any CPU
		{4C1C8788-B288-4FA9-91CB-71BCAF65936F}.Debug|Any CPU.Build.0 = Debug|Any CPU
		{4C1C8788-B288-4FA9-91CB-71BCAF65936F}.Debug|x64.ActiveCfg = Debug|Any CPU
		{4C1C8788-B288-4FA9-91CB-71BCAF65936F}.Debug|x64.Build.0 = Debug|Any CPU
		{4C1C8788-B288-4FA9-91CB-71BCAF65936F}.Debug|x86.ActiveCfg = Debug|Any CPU
		{4C1C8788-B288-4FA9-91CB-71BCAF65936F}.Debug|x86.Build.0 = Debug|Any CPU
		{4C1C8788-B288-4FA9-91CB-71BCAF65936F}.Release|Any CPU.ActiveCfg = Release|Any CPU
		{4C1C8788-B288-4FA9-91CB-71BCAF65936F}.Release|Any CPU.Build.0 = Release|Any CPU
		{4C1C8788-B288-4FA9-91CB-71BCAF65936F}.Release|x64.ActiveCfg = Release|Any CPU
		{4C1C8788-B288-4FA9-91CB-71BCAF65936F}.Release|x64.Build.0 = Release|Any CPU
		{4C1C8788-B288-4FA9-91CB-71BCAF65936F}.Release|x86.ActiveCfg = Release|Any CPU
		{4C1C8788-B288-4FA9-91CB-71BCAF65936F}.Release|x86.Build.0 = Release|Any CPU
		{37857FED-DD9F-49AB-9449-0F7EA5CC9C50}.Debug|Any CPU.ActiveCfg = Debug|Any CPU
		{37857FED-DD9F-49AB-9449-0F7EA5CC9C50}.Debug|Any CPU.Build.0 = Debug|Any CPU
		{37857FED-DD9F-49AB-9449-0F7EA5CC9C50}.Debug|x64.ActiveCfg = Debug|Any CPU
		{37857FED-DD9F-49AB-9449-0F7EA5CC9C50}.Debug|x64.Build.0 = Debug|Any CPU
		{37857FED-DD9F-49AB-9449-0F7EA5CC9C50}.Debug|x86.ActiveCfg = Debug|Any CPU
		{37857FED-DD9F-49AB-9449-0F7EA5CC9C50}.Debug|x86.Build.0 = Debug|Any CPU
		{37857FED-DD9F-49AB-9449-0F7EA5CC9C50}.Release|Any CPU.ActiveCfg = Release|Any CPU
		{37857FED-DD9F-49AB-9449-0F7EA5CC9C50}.Release|Any CPU.Build.0 = Release|Any CPU
		{37857FED-DD9F-49AB-9449-0F7EA5CC9C50}.Release|x64.ActiveCfg = Release|Any CPU
		{37857FED-DD9F-49AB-9449-0F7EA5CC9C50}.Release|x64.Build.0 = Release|Any CPU
		{37857FED-DD9F-49AB-9449-0F7EA5CC9C50}.Release|x86.ActiveCfg = Release|Any CPU
		{37857FED-DD9F-49AB-9449-0F7EA5CC9C50}.Release|x86.Build.0 = Release|Any CPU
		{A5C17722-3B53-4D05-BED8-48AC6A922236}.Debug|Any CPU.ActiveCfg = Debug|Any CPU
		{A5C17722-3B53-4D05-BED8-48AC6A922236}.Debug|Any CPU.Build.0 = Debug|Any CPU
		{A5C17722-3B53-4D05-BED8-48AC6A922236}.Debug|x64.ActiveCfg = Debug|Any CPU
		{A5C17722-3B53-4D05-BED8-48AC6A922236}.Debug|x64.Build.0 = Debug|Any CPU
		{A5C17722-3B53-4D05-BED8-48AC6A922236}.Debug|x86.ActiveCfg = Debug|Any CPU
		{A5C17722-3B53-4D05-BED8-48AC6A922236}.Debug|x86.Build.0 = Debug|Any CPU
		{A5C17722-3B53-4D05-BED8-48AC6A922236}.Release|Any CPU.ActiveCfg = Release|Any CPU
		{A5C17722-3B53-4D05-BED8-48AC6A922236}.Release|Any CPU.Build.0 = Release|Any CPU
		{A5C17722-3B53-4D05-BED8-48AC6A922236}.Release|x64.ActiveCfg = Release|Any CPU
		{A5C17722-3B53-4D05-BED8-48AC6A922236}.Release|x64.Build.0 = Release|Any CPU
		{A5C17722-3B53-4D05-BED8-48AC6A922236}.Release|x86.ActiveCfg = Release|Any CPU
		{A5C17722-3B53-4D05-BED8-48AC6A922236}.Release|x86.Build.0 = Release|Any CPU
		{F1D0A4FC-6F4D-44E3-B097-C469F1E24C20}.Debug|Any CPU.ActiveCfg = Debug|Any CPU
		{F1D0A4FC-6F4D-44E3-B097-C469F1E24C20}.Debug|Any CPU.Build.0 = Debug|Any CPU
		{F1D0A4FC-6F4D-44E3-B097-C469F1E24C20}.Debug|x64.ActiveCfg = Debug|Any CPU
		{F1D0A4FC-6F4D-44E3-B097-C469F1E24C20}.Debug|x64.Build.0 = Debug|Any CPU
		{F1D0A4FC-6F4D-44E3-B097-C469F1E24C20}.Debug|x86.ActiveCfg = Debug|Any CPU
		{F1D0A4FC-6F4D-44E3-B097-C469F1E24C20}.Debug|x86.Build.0 = Debug|Any CPU
		{F1D0A4FC-6F4D-44E3-B097-C469F1E24C20}.Release|Any CPU.ActiveCfg = Release|Any CPU
		{F1D0A4FC-6F4D-44E3-B097-C469F1E24C20}.Release|Any CPU.Build.0 = Release|Any CPU
		{F1D0A4FC-6F4D-44E3-B097-C469F1E24C20}.Release|x64.ActiveCfg = Release|Any CPU
		{F1D0A4FC-6F4D-44E3-B097-C469F1E24C20}.Release|x64.Build.0 = Release|Any CPU
		{F1D0A4FC-6F4D-44E3-B097-C469F1E24C20}.Release|x86.ActiveCfg = Release|Any CPU
		{F1D0A4FC-6F4D-44E3-B097-C469F1E24C20}.Release|x86.Build.0 = Release|Any CPU
		{1750094F-DFEA-4B4D-998A-8C75FE1AFF6D}.Debug|Any CPU.ActiveCfg = Debug|Any CPU
		{1750094F-DFEA-4B4D-998A-8C75FE1AFF6D}.Debug|Any CPU.Build.0 = Debug|Any CPU
		{1750094F-DFEA-4B4D-998A-8C75FE1AFF6D}.Debug|x64.ActiveCfg = Debug|Any CPU
		{1750094F-DFEA-4B4D-998A-8C75FE1AFF6D}.Debug|x64.Build.0 = Debug|Any CPU
		{1750094F-DFEA-4B4D-998A-8C75FE1AFF6D}.Debug|x86.ActiveCfg = Debug|Any CPU
		{1750094F-DFEA-4B4D-998A-8C75FE1AFF6D}.Debug|x86.Build.0 = Debug|Any CPU
		{1750094F-DFEA-4B4D-998A-8C75FE1AFF6D}.Release|Any CPU.ActiveCfg = Release|Any CPU
		{1750094F-DFEA-4B4D-998A-8C75FE1AFF6D}.Release|Any CPU.Build.0 = Release|Any CPU
		{1750094F-DFEA-4B4D-998A-8C75FE1AFF6D}.Release|x64.ActiveCfg = Release|Any CPU
		{1750094F-DFEA-4B4D-998A-8C75FE1AFF6D}.Release|x64.Build.0 = Release|Any CPU
		{1750094F-DFEA-4B4D-998A-8C75FE1AFF6D}.Release|x86.ActiveCfg = Release|Any CPU
		{1750094F-DFEA-4B4D-998A-8C75FE1AFF6D}.Release|x86.Build.0 = Release|Any CPU
		{071ADD68-30FF-4305-8729-ECFBEC7BDD22}.Debug|Any CPU.ActiveCfg = Debug|Any CPU
		{071ADD68-30FF-4305-8729-ECFBEC7BDD22}.Debug|Any CPU.Build.0 = Debug|Any CPU
		{071ADD68-30FF-4305-8729-ECFBEC7BDD22}.Debug|x64.ActiveCfg = Debug|Any CPU
		{071ADD68-30FF-4305-8729-ECFBEC7BDD22}.Debug|x64.Build.0 = Debug|Any CPU
		{071ADD68-30FF-4305-8729-ECFBEC7BDD22}.Debug|x86.ActiveCfg = Debug|Any CPU
		{071ADD68-30FF-4305-8729-ECFBEC7BDD22}.Debug|x86.Build.0 = Debug|Any CPU
		{071ADD68-30FF-4305-8729-ECFBEC7BDD22}.Release|Any CPU.ActiveCfg = Release|Any CPU
		{071ADD68-30FF-4305-8729-ECFBEC7BDD22}.Release|Any CPU.Build.0 = Release|Any CPU
		{071ADD68-30FF-4305-8729-ECFBEC7BDD22}.Release|x64.ActiveCfg = Release|Any CPU
		{071ADD68-30FF-4305-8729-ECFBEC7BDD22}.Release|x64.Build.0 = Release|Any CPU
		{071ADD68-30FF-4305-8729-ECFBEC7BDD22}.Release|x86.ActiveCfg = Release|Any CPU
		{071ADD68-30FF-4305-8729-ECFBEC7BDD22}.Release|x86.Build.0 = Release|Any CPU
	EndGlobalSection
	GlobalSection(SolutionProperties) = preSolution
		HideSolutionNode = FALSE
	EndGlobalSection
	GlobalSection(NestedProjects) = preSolution
		{1CF23629-1F20-48FD-B3FD-8502EA5047E4} = {804344C0-CB56-424F-BD47-C2F5FA27432C}
		{DCC66F26-5FC4-46B6-A246-F13EED31EE16} = {804344C0-CB56-424F-BD47-C2F5FA27432C}
		{F028A761-9AA1-413A-8ADB-CA48AD28EECB} = {804344C0-CB56-424F-BD47-C2F5FA27432C}
		{466DC2FB-A1EF-4FCB-8B22-3A70DE863A61} = {804344C0-CB56-424F-BD47-C2F5FA27432C}
		{4456AD6D-0569-4920-848F-96BB12DF5C96} = {804344C0-CB56-424F-BD47-C2F5FA27432C}
		{4C1C8788-B288-4FA9-91CB-71BCAF65936F} = {804344C0-CB56-424F-BD47-C2F5FA27432C}
		{37857FED-DD9F-49AB-9449-0F7EA5CC9C50} = {804344C0-CB56-424F-BD47-C2F5FA27432C}
		{E30F1A46-E91C-4B02-8622-55A4D9EDECDA} = {46FBDC9B-9866-440C-82C7-33EB4F1BB671}
		{A5C17722-3B53-4D05-BED8-48AC6A922236} = {E30F1A46-E91C-4B02-8622-55A4D9EDECDA}
		{F1D0A4FC-6F4D-44E3-B097-C469F1E24C20} = {E30F1A46-E91C-4B02-8622-55A4D9EDECDA}
		{1750094F-DFEA-4B4D-998A-8C75FE1AFF6D} = {E30F1A46-E91C-4B02-8622-55A4D9EDECDA}
		{071ADD68-30FF-4305-8729-ECFBEC7BDD22} = {E30F1A46-E91C-4B02-8622-55A4D9EDECDA}
	EndGlobalSection
	GlobalSection(ExtensibilityGlobals) = postSolution
		SolutionGuid = {459798BD-437A-4B64-A0D4-6845682EC217}
	EndGlobalSection
EndGlobal
