
Microsoft Visual Studio Solution File, Format Version 12.00
# Visual Studio Version 17
VisualStudioVersion = 17.0.31903.59
MinimumVisualStudioVersion = 10.0.40219.1
Project("{2150E333-8FDC-42A3-9474-1A3956D46DE8}") = "src", "src", "{804344C0-CB56-424F-BD47-C2F5FA27432C}"
EndProject
Project("{9A19103F-16F7-4668-BE54-9A1E7A4F7556}") = "KeyVaultCa.Core", "src\KeyVaultCa.Core\KeyVaultCa.Core.csproj", "{1CF23629-1F20-48FD-B3FD-8502EA5047E4}"
EndProject
Project("{9A19103F-16F7-4668-BE54-9A1E7A4F7556}") = "KeyVaultCa.Tests", "src\KeyVaultCa.Tests\KeyVaultCa.Tests.csproj", "{DCC66F26-5FC4-46B6-A246-F13EED31EE16}"
EndProject
Project("{FAE04EC0-301F-11D3-BF4B-00C04F79EFBC}") = "KeyVaultCa.Cli", "src\KeyVaultCa.Cli\KeyVaultCa.Cli.csproj", "{F028A761-9AA1-413A-8ADB-CA48AD28EECB}"
EndProject
Project("{FAE04EC0-301F-11D3-BF4B-00C04F79EFBC}") = "KeyVaultCa.Revocation", "src\KeyVaultCa.Revocation\KeyVaultCa.Revocation.csproj", "{466DC2FB-A1EF-4FCB-8B22-3A70DE863A61}"
EndProject
Project("{FAE04EC0-301F-11D3-BF4B-00C04F79EFBC}") = "KeyVaultCa.Revocation.TableStorage", "src\KeyVaultCa.Revocation.TableStorage\KeyVaultCa.Revocation.TableStorage.csproj", "{01F4548F-8846-498B-BF15-A3457CFDDEE5}"
EndProject
Project("{FAE04EC0-301F-11D3-BF4B-00C04F79EFBC}") = "KeyVaultCa.Revocation.Ocsp.Hosting", "src\KeyVaultCa.Revocation.Ocsp.Hosting\KeyVaultCa.Revocation.Ocsp.Hosting.csproj", "{4456AD6D-0569-4920-848F-96BB12DF5C96}"
EndProject
Project("{FAE04EC0-301F-11D3-BF4B-00C04F79EFBC}") = "KeyVaultCa.Revocation.Tests", "src\KeyVaultCa.Revocation.Tests\KeyVaultCa.Revocation.Tests.csproj", "{4C1C8788-B288-4FA9-91CB-71BCAF65936F}"
EndProject
Global
	GlobalSection(SolutionConfigurationPlatforms) = preSolution
		Debug|Any CPU = Debug|Any CPU
		Debug|x64 = Debug|x64
		Debug|x86 = Debug|x86
		Release|Any CPU = Release|Any CPU
		Release|x64 = Release|x64
		Release|x86 = Release|x86
	EndGlobalSection
	GlobalSection(ProjectConfigurationPlatforms) = postSolution
		{1CF23629-1F20-48FD-B3FD-8502EA5047E4}.Debug|Any CPU.ActiveCfg = Debug|Any CPU
		{1CF23629-1F20-48FD-B3FD-8502EA5047E4}.Debug|Any CPU.Build.0 = Debug|Any CPU
		{1CF23629-1F20-48FD-B3FD-8502EA5047E4}.Debug|x64.ActiveCfg = Debug|Any CPU
		{1CF23629-1F20-48FD-B3FD-8502EA5047E4}.Debug|x64.Build.0 = Debug|Any CPU
		{1CF23629-1F20-48FD-B3FD-8502EA5047E4}.Debug|x86.ActiveCfg = Debug|Any CPU
		{1CF23629-1F20-48FD-B3FD-8502EA5047E4}.Debug|x86.Build.0 = Debug|Any CPU
		{1CF23629-1F20-48FD-B3FD-8502EA5047E4}.Release|Any CPU.ActiveCfg = Release|Any CPU
		{1CF23629-1F20-48FD-B3FD-8502EA5047E4}.Release|Any CPU.Build.0 = Release|Any CPU
		{1CF23629-1F20-48FD-B3FD-8502EA5047E4}.Release|x64.ActiveCfg = Release|Any CPU
		{1CF23629-1F20-48FD-B3FD-8502EA5047E4}.Release|x64.Build.0 = Release|Any CPU
		{1CF23629-1F20-48FD-B3FD-8502EA5047E4}.Release|x86.ActiveCfg = Release|Any CPU
		{1CF23629-1F20-48FD-B3FD-8502EA5047E4}.Release|x86.Build.0 = Release|Any CPU
		{DCC66F26-5FC4-46B6-A246-F13EED31EE16}.Debug|Any CPU.ActiveCfg = Debug|Any CPU
		{DCC66F26-5FC4-46B6-A246-F13EED31EE16}.Debug|Any CPU.Build.0 = Debug|Any CPU
		{DCC66F26-5FC4-46B6-A246-F13EED31EE16}.Debug|x64.ActiveCfg = Debug|Any CPU
		{DCC66F26-5FC4-46B6-A246-F13EED31EE16}.Debug|x64.Build.0 = Debug|Any CPU
		{DCC66F26-5FC4-46B6-A246-F13EED31EE16}.Debug|x86.ActiveCfg = Debug|Any CPU
		{DCC66F26-5FC4-46B6-A246-F13EED31EE16}.Debug|x86.Build.0 = Debug|Any CPU
		{DCC66F26-5FC4-46B6-A246-F13EED31EE16}.Release|Any CPU.ActiveCfg = Release|Any CPU
		{DCC66F26-5FC4-46B6-A246-F13EED31EE16}.Release|Any CPU.Build.0 = Release|Any CPU
		{DCC66F26-5FC4-46B6-A246-F13EED31EE16}.Release|x64.ActiveCfg = Release|Any CPU
		{DCC66F26-5FC4-46B6-A246-F13EED31EE16}.Release|x64.Build.0 = Release|Any CPU
		{DCC66F26-5FC4-46B6-A246-F13EED31EE16}.Release|x86.ActiveCfg = Release|Any CPU
		{DCC66F26-5FC4-46B6-A246-F13EED31EE16}.Release|x86.Build.0 = Release|Any CPU
		{F028A761-9AA1-413A-8ADB-CA48AD28EECB}.Debug|Any CPU.ActiveCfg = Debug|Any CPU
		{F028A761-9AA1-413A-8ADB-CA48AD28EECB}.Debug|Any CPU.Build.0 = Debug|Any CPU
		{F028A761-9AA1-413A-8ADB-CA48AD28EECB}.Debug|x64.ActiveCfg = Debug|Any CPU
		{F028A761-9AA1-413A-8ADB-CA48AD28EECB}.Debug|x64.Build.0 = Debug|Any CPU
		{F028A761-9AA1-413A-8ADB-CA48AD28EECB}.Debug|x86.ActiveCfg = Debug|Any CPU
		{F028A761-9AA1-413A-8ADB-CA48AD28EECB}.Debug|x86.Build.0 = Debug|Any CPU
		{F028A761-9AA1-413A-8ADB-CA48AD28EECB}.Release|Any CPU.ActiveCfg = Release|Any CPU
		{F028A761-9AA1-413A-8ADB-CA48AD28EECB}.Release|Any CPU.Build.0 = Release|Any CPU
		{F028A761-9AA1-413A-8ADB-CA48AD28EECB}.Release|x64.ActiveCfg = Release|Any CPU
		{F028A761-9AA1-413A-8ADB-CA48AD28EECB}.Release|x64.Build.0 = Release|Any CPU
		{F028A761-9AA1-413A-8ADB-CA48AD28EECB}.Release|x86.ActiveCfg = Release|Any CPU
		{F028A761-9AA1-413A-8ADB-CA48AD28EECB}.Release|x86.Build.0 = Release|Any CPU
		{466DC2FB-A1EF-4FCB-8B22-3A70DE863A61}.Debug|Any CPU.ActiveCfg = Debug|Any CPU
		{466DC2FB-A1EF-4FCB-8B22-3A70DE863A61}.Debug|Any CPU.Build.0 = Debug|Any CPU
		{466DC2FB-A1EF-4FCB-8B22-3A70DE863A61}.Debug|x64.ActiveCfg = Debug|Any CPU
		{466DC2FB-A1EF-4FCB-8B22-3A70DE863A61}.Debug|x64.Build.0 = Debug|Any CPU
		{466DC2FB-A1EF-4FCB-8B22-3A70DE863A61}.Debug|x86.ActiveCfg = Debug|Any CPU
		{466DC2FB-A1EF-4FCB-8B22-3A70DE863A61}.Debug|x86.Build.0 = Debug|Any CPU
		{466DC2FB-A1EF-4FCB-8B22-3A70DE863A61}.Release|Any CPU.ActiveCfg = Release|Any CPU
		{466DC2FB-A1EF-4FCB-8B22-3A70DE863A61}.Release|Any CPU.Build.0 = Release|Any CPU
		{466DC2FB-A1EF-4FCB-8B22-3A70DE863A61}.Release|x64.ActiveCfg = Release|Any CPU
		{466DC2FB-A1EF-4FCB-8B22-3A70DE863A61}.Release|x64.Build.0 = Release|Any CPU
		{466DC2FB-A1EF-4FCB-8B22-3A70DE863A61}.Release|x86.ActiveCfg = Release|Any CPU
		{466DC2FB-A1EF-4FCB-8B22-3A70DE863A61}.Release|x86.Build.0 = Release|Any CPU
		{01F4548F-8846-498B-BF15-A3457CFDDEE5}.Debug|Any CPU.ActiveCfg = Debug|Any CPU
		{01F4548F-8846-498B-BF15-A3457CFDDEE5}.Debug|Any CPU.Build.0 = Debug|Any CPU
		{01F4548F-8846-498B-BF15-A3457CFDDEE5}.Debug|x64.ActiveCfg = Debug|Any CPU
		{01F4548F-8846-498B-BF15-A3457CFDDEE5}.Debug|x64.Build.0 = Debug|Any CPU
		{01F4548F-8846-498B-BF15-A3457CFDDEE5}.Debug|x86.ActiveCfg = Debug|Any CPU
		{01F4548F-8846-498B-BF15-A3457CFDDEE5}.Debug|x86.Build.0 = Debug|Any CPU
		{01F4548F-8846-498B-BF15-A3457CFDDEE5}.Release|Any CPU.ActiveCfg = Release|Any CPU
		{01F4548F-8846-498B-BF15-A3457CFDDEE5}.Release|Any CPU.Build.0 = Release|Any CPU
		{01F4548F-8846-498B-BF15-A3457CFDDEE5}.Release|x64.ActiveCfg = Release|Any CPU
		{01F4548F-8846-498B-BF15-A3457CFDDEE5}.Release|x64.Build.0 = Release|Any CPU
		{01F4548F-8846-498B-BF15-A3457CFDDEE5}.Release|x86.ActiveCfg = Release|Any CPU
		{01F4548F-8846-498B-BF15-A3457CFDDEE5}.Release|x86.Build.0 = Release|Any CPU
		{4456AD6D-0569-4920-848F-96BB12DF5C96}.Debug|Any CPU.ActiveCfg = Debug|Any CPU
		{4456AD6D-0569-4920-848F-96BB12DF5C96}.Debug|Any CPU.Build.0 = Debug|Any CPU
		{4456AD6D-0569-4920-848F-96BB12DF5C96}.Debug|x64.ActiveCfg = Debug|Any CPU
		{4456AD6D-0569-4920-848F-96BB12DF5C96}.Debug|x64.Build.0 = Debug|Any CPU
		{4456AD6D-0569-4920-848F-96BB12DF5C96}.Debug|x86.ActiveCfg = Debug|Any CPU
		{4456AD6D-0569-4920-848F-96BB12DF5C96}.Debug|x86.Build.0 = Debug|Any CPU
		{4456AD6D-0569-4920-848F-96BB12DF5C96}.Release|Any CPU.ActiveCfg = Release|Any CPU
		{4456AD6D-0569-4920-848F-96BB12DF5C96}.Release|Any CPU.Build.0 = Release|Any CPU
		{4456AD6D-0569-4920-848F-96BB12DF5C96}.Release|x64.ActiveCfg = Release|Any CPU
		{4456AD6D-0569-4920-848F-96BB12DF5C96}.Release|x64.Build.0 = Release|Any CPU
		{4456AD6D-0569-4920-848F-96BB12DF5C96}.Release|x86.ActiveCfg = Release|Any CPU
		{4456AD6D-0569-4920-848F-96BB12DF5C96}.Release|x86.Build.0 = Release|Any CPU
		{4C1C8788-B288-4FA9-91CB-71BCAF65936F}.Debug|Any CPU.ActiveCfg = Debug|Any CPU
		{4C1C8788-B288-4FA9-91CB-71BCAF65936F}.Debug|Any CPU.Build.0 = Debug|Any CPU
		{4C1C8788-B288-4FA9-91CB-71BCAF65936F}.Debug|x64.ActiveCfg = Debug|Any CPU
		{4C1C8788-B288-4FA9-91CB-71BCAF65936F}.Debug|x64.Build.0 = Debug|Any CPU
		{4C1C8788-B288-4FA9-91CB-71BCAF65936F}.Debug|x86.ActiveCfg = Debug|Any CPU
		{4C1C8788-B288-4FA9-91CB-71BCAF65936F}.Debug|x86.Build.0 = Debug|Any CPU
		{4C1C8788-B288-4FA9-91CB-71BCAF65936F}.Release|Any CPU.ActiveCfg = Release|Any CPU
		{4C1C8788-B288-4FA9-91CB-71BCAF65936F}.Release|Any CPU.Build.0 = Release|Any CPU
		{4C1C8788-B288-4FA9-91CB-71BCAF65936F}.Release|x64.ActiveCfg = Release|Any CPU
		{4C1C8788-B288-4FA9-91CB-71BCAF65936F}.Release|x64.Build.0 = Release|Any CPU
		{4C1C8788-B288-4FA9-91CB-71BCAF65936F}.Release|x86.ActiveCfg = Release|Any CPU
		{4C1C8788-B288-4FA9-91CB-71BCAF65936F}.Release|x86.Build.0 = Release|Any CPU
	EndGlobalSection
	GlobalSection(SolutionProperties) = preSolution
		HideSolutionNode = FALSE
	EndGlobalSection
	GlobalSection(NestedProjects) = preSolution
		{1CF23629-1F20-48FD-B3FD-8502EA5047E4} = {804344C0-CB56-424F-BD47-C2F5FA27432C}
		{DCC66F26-5FC4-46B6-A246-F13EED31EE16} = {804344C0-CB56-424F-BD47-C2F5FA27432C}
		{F028A761-9AA1-413A-8ADB-CA48AD28EECB} = {804344C0-CB56-424F-BD47-C2F5FA27432C}
		{466DC2FB-A1EF-4FCB-8B22-3A70DE863A61} = {804344C0-CB56-424F-BD47-C2F5FA27432C}
		{01F4548F-8846-498B-BF15-A3457CFDDEE5} = {804344C0-CB56-424F-BD47-C2F5FA27432C}
		{4456AD6D-0569-4920-848F-96BB12DF5C96} = {804344C0-CB56-424F-BD47-C2F5FA27432C}
		{4C1C8788-B288-4FA9-91CB-71BCAF65936F} = {804344C0-CB56-424F-BD47-C2F5FA27432C}
	EndGlobalSection
	GlobalSection(ExtensibilityGlobals) = postSolution
		SolutionGuid = {459798BD-437A-4B64-A0D4-6845682EC217}
	EndGlobalSection
EndGlobal
